{
    "requires": true,
    "lockfileVersion": 1,
    "dependencies": {
        "sweetalert2": {
            "version": "11.0.8",
            "resolved": "https://registry.npmjs.org/sweetalert2/-/sweetalert2-11.0.8.tgz",
            "integrity": "sha512-2m4yP/1tQuJYDPX8CnMoJDjvxNUGqbluO4OKIkDH5TB/w6A/DMt5R7iDyxR5Oon7XxIA3PYOy4xwXcJylSw08Q=="
        }
    }
}
